{
  "version": 4,
  "terraform_version": "1.13.3",
  "serial": 38,
  "lineage": "7a2af17d-ff00-55c4-bd3b-dcfd1f4c00db",
  "outputs": {},
  "resources": [
    {
      "mode": "managed",
      "type": "github_repository_collaborator",
      "name": "collaborators",
      "provider": "provider[\"registry.terraform.io/integrations/github\"]",
      "instances": [
        {
          "index_key": "FlorentWasTaken",
          "schema_version": 0,
          "attributes": {
            "id": "lenny-vigeon-dev/IAC:FlorentWasTaken",
            "invitation_id": "294300484",
            "permission": "pull",
            "permission_diff_suppression": false,
            "repository": "lenny-vigeon-dev/IAC",
            "username": "FlorentWasTaken"
          },
          "sensitive_attributes": [],
          "identity_schema_version": 0,
          "private": "bnVsbA=="
        },
        {
          "index_key": "LebibYann",
          "schema_version": 0,
          "attributes": {
            "id": "lenny-vigeon-dev/IAC:LebibYann",
            "invitation_id": "294300478",
            "permission": "pull",
            "permission_diff_suppression": false,
            "repository": "lenny-vigeon-dev/IAC",
            "username": "LebibYann"
          },
          "sensitive_attributes": [],
          "identity_schema_version": 0,
          "private": "bnVsbA=="
        },
        {
          "index_key": "Linnchoeuh",
          "schema_version": 0,
          "attributes": {
            "id": "lenny-vigeon-dev/IAC:Linnchoeuh",
            "invitation_id": null,
            "permission": "admin",
            "permission_diff_suppression": false,
            "repository": "lenny-vigeon-dev/IAC",
            "username": "Linnchoeuh"
          },
          "sensitive_attributes": [],
          "identity_schema_version": 0,
          "private": "bnVsbA=="
        },
        {
          "index_key": "friedrichcelian",
          "schema_version": 0,
          "attributes": {
            "id": "lenny-vigeon-dev/IAC:friedrichcelian",
            "invitation_id": "294300474",
            "permission": "pull",
            "permission_diff_suppression": false,
            "repository": "lenny-vigeon-dev/IAC",
            "username": "friedrichcelian"
          },
          "sensitive_attributes": [],
          "identity_schema_version": 0,
          "private": "bnVsbA=="
        }
      ]
    },
    {
      "mode": "managed",
      "type": "github_repository_collaborator",
      "name": "teacher",
      "provider": "provider[\"registry.terraform.io/integrations/github\"]",
      "instances": [
        {
          "schema_version": 0,
          "attributes": {
            "id": "lenny-vigeon-dev/IAC:Kloox",
            "invitation_id": "294300371",
            "permission": "pull",
            "permission_diff_suppression": false,
            "repository": "lenny-vigeon-dev/IAC",
            "username": "Kloox"
          },
          "sensitive_attributes": [],
          "identity_schema_version": 0,
          "private": "bnVsbA=="
        }
      ]
    }
  ],
  "check_results": null
}
