{
  "version": 4,
  "terraform_version": "1.13.3",
  "serial": 6,
  "lineage": "1fa62c00-6b10-f471-f7aa-63fd9e08f72b",
  "outputs": {},
  "resources": [
    {
      "mode": "managed",
      "type": "google_project_iam_member",
      "name": "collaborators",
      "provider": "provider[\"registry.terraform.io/hashicorp/google\"]",
      "instances": [
        {
          "index_key": "celian.friedrich@gmail.com",
          "schema_version": 0,
          "attributes": {
            "condition": [],
            "etag": "BwZABfNz1jc=",
            "id": "infra-as-code-tek/roles/editor/user:celian.friedrich@gmail.com",
            "member": "user:celian.friedrich@gmail.com",
            "project": "infra-as-code-tek",
            "role": "roles/editor"
          },
          "sensitive_attributes": [],
          "identity_schema_version": 0,
          "private": "bnVsbA=="
        },
        {
          "index_key": "florentmanidou@gmail.com",
          "schema_version": 0,
          "attributes": {
            "condition": [],
            "etag": "BwZABfNz1jc=",
            "id": "infra-as-code-tek/roles/editor/user:florentmanidou@gmail.com",
            "member": "user:florentmanidou@gmail.com",
            "project": "infra-as-code-tek",
            "role": "roles/editor"
          },
          "sensitive_attributes": [],
          "identity_schema_version": 0,
          "private": "bnVsbA=="
        },
        {
          "index_key": "lebib.yann@gmail.com",
          "schema_version": 0,
          "attributes": {
            "condition": [],
            "etag": "BwZABfNz1jc=",
            "id": "infra-as-code-tek/roles/editor/user:lebib.yann@gmail.com",
            "member": "user:lebib.yann@gmail.com",
            "project": "infra-as-code-tek",
            "role": "roles/editor"
          },
          "sensitive_attributes": [],
          "identity_schema_version": 0,
          "private": "bnVsbA=="
        },
        {
          "index_key": "lenny.vigeon.pro@gmail.com",
          "schema_version": 0,
          "attributes": {
            "condition": [],
            "etag": "BwZABfNz1jc=",
            "id": "infra-as-code-tek/roles/editor/user:lenny.vigeon.pro@gmail.com",
            "member": "user:lenny.vigeon.pro@gmail.com",
            "project": "infra-as-code-tek",
            "role": "roles/editor"
          },
          "sensitive_attributes": [],
          "identity_schema_version": 0,
          "private": "bnVsbA=="
        }
      ]
    },
    {
      "mode": "managed",
      "type": "google_project_iam_member",
      "name": "teacher",
      "provider": "provider[\"registry.terraform.io/hashicorp/google\"]",
      "instances": [
        {
          "schema_version": 0,
          "attributes": {
            "condition": [],
            "etag": "BwZABfNz1jc=",
            "id": "infra-as-code-tek/roles/viewer/user:jeremie@jjaouen.com",
            "member": "user:jeremie@jjaouen.com",
            "project": "infra-as-code-tek",
            "role": "roles/viewer"
          },
          "sensitive_attributes": [],
          "identity_schema_version": 0,
          "private": "bnVsbA=="
        }
      ]
    }
  ],
  "check_results": null
}
